
Microsoft Visual Studio Solution File, Format Version 12.00
# Visual Studio Version 17
VisualStudioVersion = 17.4.33205.214
MinimumVisualStudioVersion = 10.0.40219.1
Project("{FAE04EC0-301F-11D3-BF4B-00C04F79EFBC}") = "Problem1", "Problem1\Problem1.csproj", "{7B17F2BA-508A-4E95-BBD9-781670E7CA19}"
EndProject
Project("{FAE04EC0-301F-11D3-BF4B-00C04F79EFBC}") = "Problem2", "Problem2\Problem2.csproj", "{3B315F09-EE8F-4FD7-BE7D-26EDB8881748}"
EndProject
Global
	GlobalSection(SolutionConfigurationPlatforms) = preSolution
		Debug|Any CPU = Debug|Any CPU
		Release|Any CPU = Release|Any CPU
	EndGlobalSection
	GlobalSection(ProjectConfigurationPlatforms) = postSolution
		{7B17F2BA-508A-4E95-BBD9-781670E7CA19}.Debug|Any CPU.ActiveCfg = Debug|Any CPU
		{7B17F2BA-508A-4E95-BBD9-781670E7CA19}.Debug|Any CPU.Build.0 = Debug|Any CPU
		{7B17F2BA-508A-4E95-BBD9-781670E7CA19}.Release|Any CPU.ActiveCfg = Release|Any CPU
		{7B17F2BA-508A-4E95-BBD9-781670E7CA19}.Release|Any CPU.Build.0 = Release|Any CPU
		{3B315F09-EE8F-4FD7-BE7D-26EDB8881748}.Debug|Any CPU.ActiveCfg = Debug|Any CPU
		{3B315F09-EE8F-4FD7-BE7D-26EDB8881748}.Debug|Any CPU.Build.0 = Debug|Any CPU
		{3B315F09-EE8F-4FD7-BE7D-26EDB8881748}.Release|Any CPU.ActiveCfg = Release|Any CPU
		{3B315F09-EE8F-4FD7-BE7D-26EDB8881748}.Release|Any CPU.Build.0 = Release|Any CPU
	EndGlobalSection
	GlobalSection(SolutionProperties) = preSolution
		HideSolutionNode = FALSE
	EndGlobalSection
	GlobalSection(ExtensibilityGlobals) = postSolution
		SolutionGuid = {4767513E-C92B-44E7-A608-B2BC4FED168F}
	EndGlobalSection
EndGlobal
