
Microsoft Visual Studio Solution File, Format Version 12.00
# Visual Studio Version 17
VisualStudioVersion = 17.4.33205.214
MinimumVisualStudioVersion = 10.0.40219.1
Project("{FAE04EC0-301F-11D3-BF4B-00C04F79EFBC}") = "Problem1", "Problem1\Problem1.csproj", "{DEA5AD40-EAD1-461A-8F9A-9FA937A81A53}"
EndProject
Project("{FAE04EC0-301F-11D3-BF4B-00C04F79EFBC}") = "Problem2", "Problem2\Problem2.csproj", "{1176BEB3-6821-4CAB-87FB-26DD5541CF21}"
EndProject
Project("{FAE04EC0-301F-11D3-BF4B-00C04F79EFBC}") = "Problem3", "Problem3\Problem3.csproj", "{4E004B58-6340-4E77-A89E-F6B55EE12143}"
EndProject
Project("{FAE04EC0-301F-11D3-BF4B-00C04F79EFBC}") = "Problem4", "Problem4\Problem4.csproj", "{9D58AE39-4314-45EC-AF0E-D5E9F3C09BC9}"
EndProject
Project("{FAE04EC0-301F-11D3-BF4B-00C04F79EFBC}") = "Problem4.For", "Problem4.For\Problem4.For.csproj", "{6776AF80-19D7-4CA0-8A36-8A55A02FF3AC}"
EndProject
Global
	GlobalSection(SolutionConfigurationPlatforms) = preSolution
		Debug|Any CPU = Debug|Any CPU
		Release|Any CPU = Release|Any CPU
	EndGlobalSection
	GlobalSection(ProjectConfigurationPlatforms) = postSolution
		{DEA5AD40-EAD1-461A-8F9A-9FA937A81A53}.Debug|Any CPU.ActiveCfg = Debug|Any CPU
		{DEA5AD40-EAD1-461A-8F9A-9FA937A81A53}.Debug|Any CPU.Build.0 = Debug|Any CPU
		{DEA5AD40-EAD1-461A-8F9A-9FA937A81A53}.Release|Any CPU.ActiveCfg = Release|Any CPU
		{DEA5AD40-EAD1-461A-8F9A-9FA937A81A53}.Release|Any CPU.Build.0 = Release|Any CPU
		{1176BEB3-6821-4CAB-87FB-26DD5541CF21}.Debug|Any CPU.ActiveCfg = Debug|Any CPU
		{1176BEB3-6821-4CAB-87FB-26DD5541CF21}.Debug|Any CPU.Build.0 = Debug|Any CPU
		{1176BEB3-6821-4CAB-87FB-26DD5541CF21}.Release|Any CPU.ActiveCfg = Release|Any CPU
		{1176BEB3-6821-4CAB-87FB-26DD5541CF21}.Release|Any CPU.Build.0 = Release|Any CPU
		{4E004B58-6340-4E77-A89E-F6B55EE12143}.Debug|Any CPU.ActiveCfg = Debug|Any CPU
		{4E004B58-6340-4E77-A89E-F6B55EE12143}.Debug|Any CPU.Build.0 = Debug|Any CPU
		{4E004B58-6340-4E77-A89E-F6B55EE12143}.Release|Any CPU.ActiveCfg = Release|Any CPU
		{4E004B58-6340-4E77-A89E-F6B55EE12143}.Release|Any CPU.Build.0 = Release|Any CPU
		{9D58AE39-4314-45EC-AF0E-D5E9F3C09BC9}.Debug|Any CPU.ActiveCfg = Debug|Any CPU
		{9D58AE39-4314-45EC-AF0E-D5E9F3C09BC9}.Debug|Any CPU.Build.0 = Debug|Any CPU
		{9D58AE39-4314-45EC-AF0E-D5E9F3C09BC9}.Release|Any CPU.ActiveCfg = Release|Any CPU
		{9D58AE39-4314-45EC-AF0E-D5E9F3C09BC9}.Release|Any CPU.Build.0 = Release|Any CPU
		{6776AF80-19D7-4CA0-8A36-8A55A02FF3AC}.Debug|Any CPU.ActiveCfg = Debug|Any CPU
		{6776AF80-19D7-4CA0-8A36-8A55A02FF3AC}.Debug|Any CPU.Build.0 = Debug|Any CPU
		{6776AF80-19D7-4CA0-8A36-8A55A02FF3AC}.Release|Any CPU.ActiveCfg = Release|Any CPU
		{6776AF80-19D7-4CA0-8A36-8A55A02FF3AC}.Release|Any CPU.Build.0 = Release|Any CPU
	EndGlobalSection
	GlobalSection(SolutionProperties) = preSolution
		HideSolutionNode = FALSE
	EndGlobalSection
	GlobalSection(ExtensibilityGlobals) = postSolution
		SolutionGuid = {D61200CD-11F3-45B8-B35C-C54F73C1A980}
	EndGlobalSection
EndGlobal
