
Microsoft Visual Studio Solution File, Format Version 12.00
# Visual Studio Version 17
VisualStudioVersion = 17.4.33205.214
MinimumVisualStudioVersion = 10.0.40219.1
Project("{FAE04EC0-301F-11D3-BF4B-00C04F79EFBC}") = "Problem1", "Problem1\Problem1.csproj", "{D35D776F-3653-4C86-A623-D6C855E8DCD4}"
EndProject
Project("{FAE04EC0-301F-11D3-BF4B-00C04F79EFBC}") = "Problem2", "Problem2\Problem2.csproj", "{CA39FB6C-70CF-40F5-B47B-D0F95FA0DD25}"
EndProject
Project("{FAE04EC0-301F-11D3-BF4B-00C04F79EFBC}") = "Problem3", "..\Problem3\Problem3.csproj", "{D9A9509A-15F3-411C-94C1-36A5EBE89976}"
EndProject
Project("{FAE04EC0-301F-11D3-BF4B-00C04F79EFBC}") = "Problem4", "..\Problem4\Problem4.csproj", "{0B27C785-CBA9-451B-9E6F-19EACBD26906}"
EndProject
Project("{FAE04EC0-301F-11D3-BF4B-00C04F79EFBC}") = "Problem5", "..\Problem5\Problem5.csproj", "{FEDE47AD-4B99-4278-83DF-4298407B65B6}"
EndProject
Project("{FAE04EC0-301F-11D3-BF4B-00C04F79EFBC}") = "Problem6", "..\Problem6\Problem6.csproj", "{12AA53E2-C500-4E6E-AF60-E48828D0E16C}"
EndProject
Global
	GlobalSection(SolutionConfigurationPlatforms) = preSolution
		Debug|Any CPU = Debug|Any CPU
		Release|Any CPU = Release|Any CPU
	EndGlobalSection
	GlobalSection(ProjectConfigurationPlatforms) = postSolution
		{D35D776F-3653-4C86-A623-D6C855E8DCD4}.Debug|Any CPU.ActiveCfg = Debug|Any CPU
		{D35D776F-3653-4C86-A623-D6C855E8DCD4}.Debug|Any CPU.Build.0 = Debug|Any CPU
		{D35D776F-3653-4C86-A623-D6C855E8DCD4}.Release|Any CPU.ActiveCfg = Release|Any CPU
		{D35D776F-3653-4C86-A623-D6C855E8DCD4}.Release|Any CPU.Build.0 = Release|Any CPU
		{CA39FB6C-70CF-40F5-B47B-D0F95FA0DD25}.Debug|Any CPU.ActiveCfg = Debug|Any CPU
		{CA39FB6C-70CF-40F5-B47B-D0F95FA0DD25}.Debug|Any CPU.Build.0 = Debug|Any CPU
		{CA39FB6C-70CF-40F5-B47B-D0F95FA0DD25}.Release|Any CPU.ActiveCfg = Release|Any CPU
		{CA39FB6C-70CF-40F5-B47B-D0F95FA0DD25}.Release|Any CPU.Build.0 = Release|Any CPU
		{D9A9509A-15F3-411C-94C1-36A5EBE89976}.Debug|Any CPU.ActiveCfg = Debug|Any CPU
		{D9A9509A-15F3-411C-94C1-36A5EBE89976}.Debug|Any CPU.Build.0 = Debug|Any CPU
		{D9A9509A-15F3-411C-94C1-36A5EBE89976}.Release|Any CPU.ActiveCfg = Release|Any CPU
		{D9A9509A-15F3-411C-94C1-36A5EBE89976}.Release|Any CPU.Build.0 = Release|Any CPU
		{0B27C785-CBA9-451B-9E6F-19EACBD26906}.Debug|Any CPU.ActiveCfg = Debug|Any CPU
		{0B27C785-CBA9-451B-9E6F-19EACBD26906}.Debug|Any CPU.Build.0 = Debug|Any CPU
		{0B27C785-CBA9-451B-9E6F-19EACBD26906}.Release|Any CPU.ActiveCfg = Release|Any CPU
		{0B27C785-CBA9-451B-9E6F-19EACBD26906}.Release|Any CPU.Build.0 = Release|Any CPU
		{FEDE47AD-4B99-4278-83DF-4298407B65B6}.Debug|Any CPU.ActiveCfg = Debug|Any CPU
		{FEDE47AD-4B99-4278-83DF-4298407B65B6}.Debug|Any CPU.Build.0 = Debug|Any CPU
		{FEDE47AD-4B99-4278-83DF-4298407B65B6}.Release|Any CPU.ActiveCfg = Release|Any CPU
		{FEDE47AD-4B99-4278-83DF-4298407B65B6}.Release|Any CPU.Build.0 = Release|Any CPU
		{12AA53E2-C500-4E6E-AF60-E48828D0E16C}.Debug|Any CPU.ActiveCfg = Debug|Any CPU
		{12AA53E2-C500-4E6E-AF60-E48828D0E16C}.Debug|Any CPU.Build.0 = Debug|Any CPU
		{12AA53E2-C500-4E6E-AF60-E48828D0E16C}.Release|Any CPU.ActiveCfg = Release|Any CPU
		{12AA53E2-C500-4E6E-AF60-E48828D0E16C}.Release|Any CPU.Build.0 = Release|Any CPU
	EndGlobalSection
	GlobalSection(SolutionProperties) = preSolution
		HideSolutionNode = FALSE
	EndGlobalSection
	GlobalSection(ExtensibilityGlobals) = postSolution
		SolutionGuid = {E41469E7-8F1D-4041-9DE4-0B57BEF85A0D}
	EndGlobalSection
EndGlobal
