
Microsoft Visual Studio Solution File, Format Version 12.00
# Visual Studio Version 17
VisualStudioVersion = 17.4.33205.214
MinimumVisualStudioVersion = 10.0.40219.1
Project("{FAE04EC0-301F-11D3-BF4B-00C04F79EFBC}") = "Problem1", "Problem1\Problem1.csproj", "{9457B29E-8200-4268-8BC1-865BBBB429E0}"
EndProject
Project("{FAE04EC0-301F-11D3-BF4B-00C04F79EFBC}") = "Problem2", "Problem2\Problem2.csproj", "{7A563262-E94B-48A3-A2F0-E663B6847A9C}"
EndProject
Project("{FAE04EC0-301F-11D3-BF4B-00C04F79EFBC}") = "Problem3", "Problem3\Problem3.csproj", "{DEAE27C7-258D-4F04-A970-FC77A62D2509}"
EndProject
Project("{FAE04EC0-301F-11D3-BF4B-00C04F79EFBC}") = "Problem 1.1", "Problem 1.1\Problem 1.1.csproj", "{8EBABBFF-E6C4-4901-933F-3F5802BD4BD7}"
EndProject
Project("{FAE04EC0-301F-11D3-BF4B-00C04F79EFBC}") = "Problem2.1", "Problem2.1\Problem2.1.csproj", "{3620BED4-8E3A-486B-86B0-81F23FA8BCEC}"
EndProject
Project("{FAE04EC0-301F-11D3-BF4B-00C04F79EFBC}") = "Problem3.1", "Problem3.1\Problem3.1.csproj", "{F43AE8E0-F948-4900-B9E7-D2B2C2DBDE95}"
EndProject
Global
	GlobalSection(SolutionConfigurationPlatforms) = preSolution
		Debug|Any CPU = Debug|Any CPU
		Release|Any CPU = Release|Any CPU
	EndGlobalSection
	GlobalSection(ProjectConfigurationPlatforms) = postSolution
		{9457B29E-8200-4268-8BC1-865BBBB429E0}.Debug|Any CPU.ActiveCfg = Debug|Any CPU
		{9457B29E-8200-4268-8BC1-865BBBB429E0}.Debug|Any CPU.Build.0 = Debug|Any CPU
		{9457B29E-8200-4268-8BC1-865BBBB429E0}.Release|Any CPU.ActiveCfg = Release|Any CPU
		{9457B29E-8200-4268-8BC1-865BBBB429E0}.Release|Any CPU.Build.0 = Release|Any CPU
		{7A563262-E94B-48A3-A2F0-E663B6847A9C}.Debug|Any CPU.ActiveCfg = Debug|Any CPU
		{7A563262-E94B-48A3-A2F0-E663B6847A9C}.Debug|Any CPU.Build.0 = Debug|Any CPU
		{7A563262-E94B-48A3-A2F0-E663B6847A9C}.Release|Any CPU.ActiveCfg = Release|Any CPU
		{7A563262-E94B-48A3-A2F0-E663B6847A9C}.Release|Any CPU.Build.0 = Release|Any CPU
		{DEAE27C7-258D-4F04-A970-FC77A62D2509}.Debug|Any CPU.ActiveCfg = Debug|Any CPU
		{DEAE27C7-258D-4F04-A970-FC77A62D2509}.Debug|Any CPU.Build.0 = Debug|Any CPU
		{DEAE27C7-258D-4F04-A970-FC77A62D2509}.Release|Any CPU.ActiveCfg = Release|Any CPU
		{DEAE27C7-258D-4F04-A970-FC77A62D2509}.Release|Any CPU.Build.0 = Release|Any CPU
		{8EBABBFF-E6C4-4901-933F-3F5802BD4BD7}.Debug|Any CPU.ActiveCfg = Debug|Any CPU
		{8EBABBFF-E6C4-4901-933F-3F5802BD4BD7}.Debug|Any CPU.Build.0 = Debug|Any CPU
		{8EBABBFF-E6C4-4901-933F-3F5802BD4BD7}.Release|Any CPU.ActiveCfg = Release|Any CPU
		{8EBABBFF-E6C4-4901-933F-3F5802BD4BD7}.Release|Any CPU.Build.0 = Release|Any CPU
		{3620BED4-8E3A-486B-86B0-81F23FA8BCEC}.Debug|Any CPU.ActiveCfg = Debug|Any CPU
		{3620BED4-8E3A-486B-86B0-81F23FA8BCEC}.Debug|Any CPU.Build.0 = Debug|Any CPU
		{3620BED4-8E3A-486B-86B0-81F23FA8BCEC}.Release|Any CPU.ActiveCfg = Release|Any CPU
		{3620BED4-8E3A-486B-86B0-81F23FA8BCEC}.Release|Any CPU.Build.0 = Release|Any CPU
		{F43AE8E0-F948-4900-B9E7-D2B2C2DBDE95}.Debug|Any CPU.ActiveCfg = Debug|Any CPU
		{F43AE8E0-F948-4900-B9E7-D2B2C2DBDE95}.Debug|Any CPU.Build.0 = Debug|Any CPU
		{F43AE8E0-F948-4900-B9E7-D2B2C2DBDE95}.Release|Any CPU.ActiveCfg = Release|Any CPU
		{F43AE8E0-F948-4900-B9E7-D2B2C2DBDE95}.Release|Any CPU.Build.0 = Release|Any CPU
	EndGlobalSection
	GlobalSection(SolutionProperties) = preSolution
		HideSolutionNode = FALSE
	EndGlobalSection
	GlobalSection(ExtensibilityGlobals) = postSolution
		SolutionGuid = {90AF40AB-2F39-4F97-A670-E78C64DE6C8A}
	EndGlobalSection
EndGlobal
