
Microsoft Visual Studio Solution File, Format Version 12.00
# Visual Studio Version 17
VisualStudioVersion = 17.4.33205.214
MinimumVisualStudioVersion = 10.0.40219.1
Project("{FAE04EC0-301F-11D3-BF4B-00C04F79EFBC}") = "Problem1", "Problem1\Problem1.csproj", "{DEA5AD40-EAD1-461A-8F9A-9FA937A81A53}"
EndProject
Project("{FAE04EC0-301F-11D3-BF4B-00C04F79EFBC}") = "Problem2", "Problem2\Problem2.csproj", "{EA7BF34F-36EF-4AF2-87EE-A6E5EF8B31B0}"
EndProject
Project("{FAE04EC0-301F-11D3-BF4B-00C04F79EFBC}") = "Problem3", "Problem3\Problem3.csproj", "{293E9912-A590-4D19-8B08-8464DE77B5C4}"
EndProject
Project("{FAE04EC0-301F-11D3-BF4B-00C04F79EFBC}") = "Problem4", "Problem4\Problem4.csproj", "{2367F066-7E5E-47FF-A26A-BAE9D562763D}"
EndProject
Project("{FAE04EC0-301F-11D3-BF4B-00C04F79EFBC}") = "Problem5", "Problem5\Problem5.csproj", "{9ED5FCE9-EDB8-4013-A7DF-EE72B0F7EF8A}"
EndProject
Global
	GlobalSection(SolutionConfigurationPlatforms) = preSolution
		Debug|Any CPU = Debug|Any CPU
		Release|Any CPU = Release|Any CPU
	EndGlobalSection
	GlobalSection(ProjectConfigurationPlatforms) = postSolution
		{DEA5AD40-EAD1-461A-8F9A-9FA937A81A53}.Debug|Any CPU.ActiveCfg = Debug|Any CPU
		{DEA5AD40-EAD1-461A-8F9A-9FA937A81A53}.Debug|Any CPU.Build.0 = Debug|Any CPU
		{DEA5AD40-EAD1-461A-8F9A-9FA937A81A53}.Release|Any CPU.ActiveCfg = Release|Any CPU
		{DEA5AD40-EAD1-461A-8F9A-9FA937A81A53}.Release|Any CPU.Build.0 = Release|Any CPU
		{EA7BF34F-36EF-4AF2-87EE-A6E5EF8B31B0}.Debug|Any CPU.ActiveCfg = Debug|Any CPU
		{EA7BF34F-36EF-4AF2-87EE-A6E5EF8B31B0}.Debug|Any CPU.Build.0 = Debug|Any CPU
		{EA7BF34F-36EF-4AF2-87EE-A6E5EF8B31B0}.Release|Any CPU.ActiveCfg = Release|Any CPU
		{EA7BF34F-36EF-4AF2-87EE-A6E5EF8B31B0}.Release|Any CPU.Build.0 = Release|Any CPU
		{293E9912-A590-4D19-8B08-8464DE77B5C4}.Debug|Any CPU.ActiveCfg = Debug|Any CPU
		{293E9912-A590-4D19-8B08-8464DE77B5C4}.Debug|Any CPU.Build.0 = Debug|Any CPU
		{293E9912-A590-4D19-8B08-8464DE77B5C4}.Release|Any CPU.ActiveCfg = Release|Any CPU
		{293E9912-A590-4D19-8B08-8464DE77B5C4}.Release|Any CPU.Build.0 = Release|Any CPU
		{2367F066-7E5E-47FF-A26A-BAE9D562763D}.Debug|Any CPU.ActiveCfg = Debug|Any CPU
		{2367F066-7E5E-47FF-A26A-BAE9D562763D}.Debug|Any CPU.Build.0 = Debug|Any CPU
		{2367F066-7E5E-47FF-A26A-BAE9D562763D}.Release|Any CPU.ActiveCfg = Release|Any CPU
		{2367F066-7E5E-47FF-A26A-BAE9D562763D}.Release|Any CPU.Build.0 = Release|Any CPU
		{9ED5FCE9-EDB8-4013-A7DF-EE72B0F7EF8A}.Debug|Any CPU.ActiveCfg = Debug|Any CPU
		{9ED5FCE9-EDB8-4013-A7DF-EE72B0F7EF8A}.Debug|Any CPU.Build.0 = Debug|Any CPU
		{9ED5FCE9-EDB8-4013-A7DF-EE72B0F7EF8A}.Release|Any CPU.ActiveCfg = Release|Any CPU
		{9ED5FCE9-EDB8-4013-A7DF-EE72B0F7EF8A}.Release|Any CPU.Build.0 = Release|Any CPU
	EndGlobalSection
	GlobalSection(SolutionProperties) = preSolution
		HideSolutionNode = FALSE
	EndGlobalSection
	GlobalSection(ExtensibilityGlobals) = postSolution
		SolutionGuid = {D61200CD-11F3-45B8-B35C-C54F73C1A980}
	EndGlobalSection
EndGlobal
