
Microsoft Visual Studio Solution File, Format Version 12.00
# Visual Studio Version 17
VisualStudioVersion = 17.4.33205.214
MinimumVisualStudioVersion = 10.0.40219.1
Project("{FAE04EC0-301F-11D3-BF4B-00C04F79EFBC}") = "Problem1", "Problem1\Problem1.csproj", "{6714E2E7-0FCD-402F-A9E9-BA9B42DB21D6}"
EndProject
Project("{FAE04EC0-301F-11D3-BF4B-00C04F79EFBC}") = "Problem2", "Problem2\Problem2.csproj", "{57F89816-0290-45E8-96C1-29FF41EB2434}"
EndProject
Project("{FAE04EC0-301F-11D3-BF4B-00C04F79EFBC}") = "Problem3", "Problem3\Problem3.csproj", "{5D7CDED9-BE69-4020-BA41-2D15BA397D2F}"
EndProject
Project("{FAE04EC0-301F-11D3-BF4B-00C04F79EFBC}") = "Problem4", "Problem4\Problem4.csproj", "{EA0FB089-F5BF-41EC-B6BA-7CBC12BD71D9}"
EndProject
Project("{FAE04EC0-301F-11D3-BF4B-00C04F79EFBC}") = "Problem5", "Problem5\Problem5.csproj", "{CF0099D7-E6DF-47A8-A436-6AECA531AF67}"
EndProject
Project("{FAE04EC0-301F-11D3-BF4B-00C04F79EFBC}") = "Problem6", "Problem6\Problem6.csproj", "{D04D9136-996A-4BD1-A3ED-DC00854F73C1}"
EndProject
Global
	GlobalSection(SolutionConfigurationPlatforms) = preSolution
		Debug|Any CPU = Debug|Any CPU
		Release|Any CPU = Release|Any CPU
	EndGlobalSection
	GlobalSection(ProjectConfigurationPlatforms) = postSolution
		{6714E2E7-0FCD-402F-A9E9-BA9B42DB21D6}.Debug|Any CPU.ActiveCfg = Debug|Any CPU
		{6714E2E7-0FCD-402F-A9E9-BA9B42DB21D6}.Debug|Any CPU.Build.0 = Debug|Any CPU
		{6714E2E7-0FCD-402F-A9E9-BA9B42DB21D6}.Release|Any CPU.ActiveCfg = Release|Any CPU
		{6714E2E7-0FCD-402F-A9E9-BA9B42DB21D6}.Release|Any CPU.Build.0 = Release|Any CPU
		{57F89816-0290-45E8-96C1-29FF41EB2434}.Debug|Any CPU.ActiveCfg = Debug|Any CPU
		{57F89816-0290-45E8-96C1-29FF41EB2434}.Debug|Any CPU.Build.0 = Debug|Any CPU
		{57F89816-0290-45E8-96C1-29FF41EB2434}.Release|Any CPU.ActiveCfg = Release|Any CPU
		{57F89816-0290-45E8-96C1-29FF41EB2434}.Release|Any CPU.Build.0 = Release|Any CPU
		{5D7CDED9-BE69-4020-BA41-2D15BA397D2F}.Debug|Any CPU.ActiveCfg = Debug|Any CPU
		{5D7CDED9-BE69-4020-BA41-2D15BA397D2F}.Debug|Any CPU.Build.0 = Debug|Any CPU
		{5D7CDED9-BE69-4020-BA41-2D15BA397D2F}.Release|Any CPU.ActiveCfg = Release|Any CPU
		{5D7CDED9-BE69-4020-BA41-2D15BA397D2F}.Release|Any CPU.Build.0 = Release|Any CPU
		{EA0FB089-F5BF-41EC-B6BA-7CBC12BD71D9}.Debug|Any CPU.ActiveCfg = Debug|Any CPU
		{EA0FB089-F5BF-41EC-B6BA-7CBC12BD71D9}.Debug|Any CPU.Build.0 = Debug|Any CPU
		{EA0FB089-F5BF-41EC-B6BA-7CBC12BD71D9}.Release|Any CPU.ActiveCfg = Release|Any CPU
		{EA0FB089-F5BF-41EC-B6BA-7CBC12BD71D9}.Release|Any CPU.Build.0 = Release|Any CPU
		{CF0099D7-E6DF-47A8-A436-6AECA531AF67}.Debug|Any CPU.ActiveCfg = Debug|Any CPU
		{CF0099D7-E6DF-47A8-A436-6AECA531AF67}.Debug|Any CPU.Build.0 = Debug|Any CPU
		{CF0099D7-E6DF-47A8-A436-6AECA531AF67}.Release|Any CPU.ActiveCfg = Release|Any CPU
		{CF0099D7-E6DF-47A8-A436-6AECA531AF67}.Release|Any CPU.Build.0 = Release|Any CPU
		{D04D9136-996A-4BD1-A3ED-DC00854F73C1}.Debug|Any CPU.ActiveCfg = Debug|Any CPU
		{D04D9136-996A-4BD1-A3ED-DC00854F73C1}.Debug|Any CPU.Build.0 = Debug|Any CPU
		{D04D9136-996A-4BD1-A3ED-DC00854F73C1}.Release|Any CPU.ActiveCfg = Release|Any CPU
		{D04D9136-996A-4BD1-A3ED-DC00854F73C1}.Release|Any CPU.Build.0 = Release|Any CPU
	EndGlobalSection
	GlobalSection(SolutionProperties) = preSolution
		HideSolutionNode = FALSE
	EndGlobalSection
	GlobalSection(ExtensibilityGlobals) = postSolution
		SolutionGuid = {EE2A8A05-16A8-4ECB-A79F-79CFD05DCD85}
	EndGlobalSection
EndGlobal
